// !$*UTF8*$!
{
	archiveVersion = 1;
	classes = {
	};
	objectVersion = 50;
	objects = {

/* Begin PBXBuildFile section */
		32106F2324232DA500D14159 /* PlayingCard.m in Sources */ = {isa = PBXBuildFile; fileRef = 32106F2224232DA500D14159 /* PlayingCard.m */; };
		326771AB2421E417001E0AEE /* Deck.m in Sources */ = {isa = PBXBuildFile; fileRef = 326771AA2421E417001E0AEE /* Deck.m */; };
		3299644624260A94006AC42A /* PlayingCardDeck.m in Sources */ = {isa = PBXBuildFile; fileRef = 3299644524260A94006AC42A /* PlayingCardDeck.m */; };
		32D284FD2418AFFB000AAE41 /* AppDelegate.m in Sources */ = {isa = PBXBuildFile; fileRef = 32D284FC2418AFFB000AAE41 /* AppDelegate.m */; };
		32D285002418AFFB000AAE41 /* SceneDelegate.m in Sources */ = {isa = PBXBuildFile; fileRef = 32D284FF2418AFFB000AAE41 /* SceneDelegate.m */; };
		32D285062418AFFB000AAE41 /* Main.storyboard in Resources */ = {isa = PBXBuildFile; fileRef = 32D285042418AFFB000AAE41 /* Main.storyboard */; };
		32D285082418AFFC000AAE41 /* Assets.xcassets in Resources */ = {isa = PBXBuildFile; fileRef = 32D285072418AFFC000AAE41 /* Assets.xcassets */; };
		32D2850B2418AFFC000AAE41 /* LaunchScreen.storyboard in Resources */ = {isa = PBXBuildFile; fileRef = 32D285092418AFFC000AAE41 /* LaunchScreen.storyboard */; };
		32D2850E2418AFFC000AAE41 /* main.m in Sources */ = {isa = PBXBuildFile; fileRef = 32D2850D2418AFFC000AAE41 /* main.m */; };
		32D285152418B693000AAE41 /* Card.m in Sources */ = {isa = PBXBuildFile; fileRef = 32D285142418B693000AAE41 /* Card.m */; };
/* End PBXBuildFile section */

/* Begin PBXFileReference section */
		32106F2224232DA500D14159 /* PlayingCard.m */ = {isa = PBXFileReference; lastKnownFileType = sourcecode.c.objc; path = PlayingCard.m; sourceTree = "<group>"; };
		32106F2424232DB600D14159 /* PlayingCard.h */ = {isa = PBXFileReference; lastKnownFileType = sourcecode.c.h; path = PlayingCard.h; sourceTree = "<group>"; };
		326771AA2421E417001E0AEE /* Deck.m */ = {isa = PBXFileReference; lastKnownFileType = sourcecode.c.objc; path = Deck.m; sourceTree = "<group>"; };
		326771AC2421E428001E0AEE /* Deck.h */ = {isa = PBXFileReference; lastKnownFileType = sourcecode.c.h; path = Deck.h; sourceTree = "<group>"; };
		3299644424260A80006AC42A /* PlayingCardDeck.h */ = {isa = PBXFileReference; lastKnownFileType = sourcecode.c.h; path = PlayingCardDeck.h; sourceTree = "<group>"; };
		3299644524260A94006AC42A /* PlayingCardDeck.m */ = {isa = PBXFileReference; lastKnownFileType = sourcecode.c.objc; path = PlayingCardDeck.m; sourceTree = "<group>"; };
		32D284F82418AFFB000AAE41 /* Cards.app */ = {isa = PBXFileReference; explicitFileType = wrapper.application; includeInIndex = 0; path = Cards.app; sourceTree = BUILT_PRODUCTS_DIR; };
		32D284FB2418AFFB000AAE41 /* AppDelegate.h */ = {isa = PBXFileReference; lastKnownFileType = sourcecode.c.h; path = AppDelegate.h; sourceTree = "<group>"; };
		32D284FC2418AFFB000AAE41 /* AppDelegate.m */ = {isa = PBXFileReference; lastKnownFileType = sourcecode.c.objc; path = AppDelegate.m; sourceTree = "<group>"; };
		32D284FE2418AFFB000AAE41 /* SceneDelegate.h */ = {isa = PBXFileReference; lastKnownFileType = sourcecode.c.h; path = SceneDelegate.h; sourceTree = "<group>"; };
		32D284FF2418AFFB000AAE41 /* SceneDelegate.m */ = {isa = PBXFileReference; lastKnownFileType = sourcecode.c.objc; path = SceneDelegate.m; sourceTree = "<group>"; };
		32D285052418AFFB000AAE41 /* Base */ = {isa = PBXFileReference; lastKnownFileType = file.storyboard; name = Base; path = Base.lproj/Main.storyboard; sourceTree = "<group>"; };
		32D285072418AFFC000AAE41 /* Assets.xcassets */ = {isa = PBXFileReference; lastKnownFileType = folder.assetcatalog; path = Assets.xcassets; sourceTree = "<group>"; };
		32D2850A2418AFFC000AAE41 /* Base */ = {isa = PBXFileReference; lastKnownFileType = file.storyboard; name = Base; path = Base.lproj/LaunchScreen.storyboard; sourceTree = "<group>"; };
		32D2850C2418AFFC000AAE41 /* Info.plist */ = {isa = PBXFileReference; lastKnownFileType = text.plist.xml; path = Info.plist; sourceTree = "<group>"; };
		32D2850D2418AFFC000AAE41 /* main.m */ = {isa = PBXFileReference; lastKnownFileType = sourcecode.c.objc; path = main.m; sourceTree = "<group>"; };
		32D285142418B693000AAE41 /* Card.m */ = {isa = PBXFileReference; lastKnownFileType = sourcecode.c.objc; path = Card.m; sourceTree = "<group>"; };
		32D285162418B6A1000AAE41 /* Card.h */ = {isa = PBXFileReference; lastKnownFileType = sourcecode.c.h; path = Card.h; sourceTree = "<group>"; };
/* End PBXFileReference section */

/* Begin PBXFrameworksBuildPhase section */
		32D284F52418AFFB000AAE41 /* Frameworks */ = {
			isa = PBXFrameworksBuildPhase;
			buildActionMask = 2147483647;
			files = (
			);
			runOnlyForDeploymentPostprocessing = 0;
		};
/* End PBXFrameworksBuildPhase section */

/* Begin PBXGroup section */
		32D284EF2418AFFB000AAE41 = {
			isa = PBXGroup;
			children = (
				32D284FA2418AFFB000AAE41 /* Cards */,
				32D284F92418AFFB000AAE41 /* Products */,
			);
			sourceTree = "<group>";
		};
		32D284F92418AFFB000AAE41 /* Products */ = {
			isa = PBXGroup;
			children = (
				32D284F82418AFFB000AAE41 /* Cards.app */,
			);
			name = Products;
			sourceTree = "<group>";
		};
		32D284FA2418AFFB000AAE41 /* Cards */ = {
			isa = PBXGroup;
			children = (
				32D284FB2418AFFB000AAE41 /* AppDelegate.h */,
				32D284FC2418AFFB000AAE41 /* AppDelegate.m */,
				32D284FE2418AFFB000AAE41 /* SceneDelegate.h */,
				32D284FF2418AFFB000AAE41 /* SceneDelegate.m */,
				32D285142418B693000AAE41 /* Card.m */,
				32D285162418B6A1000AAE41 /* Card.h */,
				32D285042418AFFB000AAE41 /* Main.storyboard */,
				32D285072418AFFC000AAE41 /* Assets.xcassets */,
				32D285092418AFFC000AAE41 /* LaunchScreen.storyboard */,
				32D2850C2418AFFC000AAE41 /* Info.plist */,
				32D2850D2418AFFC000AAE41 /* main.m */,
				326771AA2421E417001E0AEE /* Deck.m */,
				326771AC2421E428001E0AEE /* Deck.h */,
				32106F2224232DA500D14159 /* PlayingCard.m */,
				32106F2424232DB600D14159 /* PlayingCard.h */,
				3299644424260A80006AC42A /* PlayingCardDeck.h */,
				3299644524260A94006AC42A /* PlayingCardDeck.m */,
			);
			path = Cards;
			sourceTree = "<group>";
		};
/* End PBXGroup section */

/* Begin PBXNativeTarget section */
		32D284F72418AFFB000AAE41 /* Cards */ = {
			isa = PBXNativeTarget;
			buildConfigurationList = 32D285112418AFFC000AAE41 /* Build configuration list for PBXNativeTarget "Cards" */;
			buildPhases = (
				32D284F42418AFFB000AAE41 /* Sources */,
				32D284F52418AFFB000AAE41 /* Frameworks */,
				32D284F62418AFFB000AAE41 /* Resources */,
			);
			buildRules = (
			);
			dependencies = (
			);
			name = Cards;
			productName = Cards;
			productReference = 32D284F82418AFFB000AAE41 /* Cards.app */;
			productType = "com.apple.product-type.application";
		};
/* End PBXNativeTarget section */

/* Begin PBXProject section */
		32D284F02418AFFB000AAE41 /* Project object */ = {
			isa = PBXProject;
			attributes = {
				LastUpgradeCheck = 1130;
				ORGANIZATIONNAME = "Subhankar Acharya";
				TargetAttributes = {
					32D284F72418AFFB000AAE41 = {
						CreatedOnToolsVersion = 11.3.1;
					};
				};
			};
			buildConfigurationList = 32D284F32418AFFB000AAE41 /* Build configuration list for PBXProject "Cards" */;
			compatibilityVersion = "Xcode 9.3";
			developmentRegion = en;
			hasScannedForEncodings = 0;
			knownRegions = (
				en,
				Base,
			);
			mainGroup = 32D284EF2418AFFB000AAE41;
			productRefGroup = 32D284F92418AFFB000AAE41 /* Products */;
			projectDirPath = "";
			projectRoot = "";
			targets = (
				32D284F72418AFFB000AAE41 /* Cards */,
			);
		};
/* End PBXProject section */

/* Begin PBXResourcesBuildPhase section */
		32D284F62418AFFB000AAE41 /* Resources */ = {
			isa = PBXResourcesBuildPhase;
			buildActionMask = 2147483647;
			files = (
				32D2850B2418AFFC000AAE41 /* LaunchScreen.storyboard in Resources */,
				32D285082418AFFC000AAE41 /* Assets.xcassets in Resources */,
				32D285062418AFFB000AAE41 /* Main.storyboard in Resources */,
			);
			runOnlyForDeploymentPostprocessing = 0;
		};
/* End PBXResourcesBuildPhase section */

/* Begin PBXSourcesBuildPhase section */
		32D284F42418AFFB000AAE41 /* Sources */ = {
			isa = PBXSourcesBuildPhase;
			buildActionMask = 2147483647;
			files = (
				32106F2324232DA500D14159 /* PlayingCard.m in Sources */,
				326771AB2421E417001E0AEE /* Deck.m in Sources */,
				32D285152418B693000AAE41 /* Card.m in Sources */,
				32D284FD2418AFFB000AAE41 /* AppDelegate.m in Sources */,
				3299644624260A94006AC42A /* PlayingCardDeck.m in Sources */,
				32D2850E2418AFFC000AAE41 /* main.m in Sources */,
				32D285002418AFFB000AAE41 /* SceneDelegate.m in Sources */,
			);
			runOnlyForDeploymentPostprocessing = 0;
		};
/* End PBXSourcesBuildPhase section */

/* Begin PBXVariantGroup section */
		32D285042418AFFB000AAE41 /* Main.storyboard */ = {
			isa = PBXVariantGroup;
			children = (
				32D285052418AFFB000AAE41 /* Base */,
			);
			name = Main.storyboard;
			sourceTree = "<group>";
		};
		32D285092418AFFC000AAE41 /* LaunchScreen.storyboard */ = {
			isa = PBXVariantGroup;
			children = (
				32D2850A2418AFFC000AAE41 /* Base */,
			);
			name = LaunchScreen.storyboard;
			sourceTree = "<group>";
		};
/* End PBXVariantGroup section */

/* Begin XCBuildConfiguration section */
		32D2850F2418AFFC000AAE41 /* Debug */ = {
			isa = XCBuildConfiguration;
			buildSettings = {
				ALWAYS_SEARCH_USER_PATHS = NO;
				CLANG_ANALYZER_NONNULL = YES;
				CLANG_ANALYZER_NUMBER_OBJECT_CONVERSION = YES_AGGRESSIVE;
				CLANG_CXX_LANGUAGE_STANDARD = "gnu++14";
				CLANG_CXX_LIBRARY = "libc++";
				CLANG_ENABLE_MODULES = YES;
				CLANG_ENABLE_OBJC_ARC = YES;
				CLANG_ENABLE_OBJC_WEAK = YES;
				CLANG_WARN_BLOCK_CAPTURE_AUTORELEASING = YES;
				CLANG_WARN_BOOL_CONVERSION = YES;
				CLANG_WARN_COMMA = YES;
				CLANG_WARN_CONSTANT_CONVERSION = YES;
				CLANG_WARN_DEPRECATED_OBJC_IMPLEMENTATIONS = YES;
				CLANG_WARN_DIRECT_OBJC_ISA_USAGE = YES_ERROR;
				CLANG_WARN_DOCUMENTATION_COMMENTS = YES;
				CLANG_WARN_EMPTY_BODY = YES;
				CLANG_WARN_ENUM_CONVERSION = YES;
				CLANG_WARN_INFINITE_RECURSION = YES;
				CLANG_WARN_INT_CONVERSION = YES;
				CLANG_WARN_NON_LITERAL_NULL_CONVERSION = YES;
				CLANG_WARN_OBJC_IMPLICIT_RETAIN_SELF = YES;
				CLANG_WARN_OBJC_LITERAL_CONVERSION = YES;
				CLANG_WARN_OBJC_ROOT_CLASS = YES_ERROR;
				CLANG_WARN_RANGE_LOOP_ANALYSIS = YES;
				CLANG_WARN_STRICT_PROTOTYPES = YES;
				CLANG_WARN_SUSPICIOUS_MOVE = YES;
				CLANG_WARN_UNGUARDED_AVAILABILITY = YES_AGGRESSIVE;
				CLANG_WARN_UNREACHABLE_CODE = YES;
				CLANG_WARN__DUPLICATE_METHOD_MATCH = YES;
				COPY_PHASE_STRIP = NO;
				DEBUG_INFORMATION_FORMAT = dwarf;
				ENABLE_STRICT_OBJC_MSGSEND = YES;
				ENABLE_TESTABILITY = YES;
				GCC_C_LANGUAGE_STANDARD = gnu11;
				GCC_DYNAMIC_NO_PIC = NO;
				GCC_NO_COMMON_BLOCKS = YES;
				GCC_OPTIMIZATION_LEVEL = 0;
				GCC_PREPROCESSOR_DEFINITIONS = (
					"DEBUG=1",
					"$(inherited)",
				);
				GCC_WARN_64_TO_32_BIT_CONVERSION = YES;
				GCC_WARN_ABOUT_RETURN_TYPE = YES_ERROR;
				GCC_WARN_UNDECLARED_SELECTOR = YES;
				GCC_WARN_UNINITIALIZED_AUTOS = YES_AGGRESSIVE;
				GCC_WARN_UNUSED_FUNCTION = YES;
				GCC_WARN_UNUSED_VARIABLE = YES;
				IPHONEOS_DEPLOYMENT_TARGET = 13.2;
				MTL_ENABLE_DEBUG_INFO = INCLUDE_SOURCE;
				MTL_FAST_MATH = YES;
				ONLY_ACTIVE_ARCH = YES;
				SDKROOT = iphoneos;
			};
			name = Debug;
		};
		32D285102418AFFC000AAE41 /* Release */ = {
			isa = XCBuildConfiguration;
			buildSettings = {
				ALWAYS_SEARCH_USER_PATHS = NO;
				CLANG_ANALYZER_NONNULL = YES;
				CLANG_ANALYZER_NUMBER_OBJECT_CONVERSION = YES_AGGRESSIVE;
				CLANG_CXX_LANGUAGE_STANDARD = "gnu++14";
				CLANG_CXX_LIBRARY = "libc++";
				CLANG_ENABLE_MODULES = YES;
				CLANG_ENABLE_OBJC_ARC = YES;
				CLANG_ENABLE_OBJC_WEAK = YES;
				CLANG_WARN_BLOCK_CAPTURE_AUTORELEASING = YES;
				CLANG_WARN_BOOL_CONVERSION = YES;
				CLANG_WARN_COMMA = YES;
				CLANG_WARN_CONSTANT_CONVERSION = YES;
				CLANG_WARN_DEPRECATED_OBJC_IMPLEMENTATIONS = YES;
				CLANG_WARN_DIRECT_OBJC_ISA_USAGE = YES_ERROR;
				CLANG_WARN_DOCUMENTATION_COMMENTS = YES;
				CLANG_WARN_EMPTY_BODY = YES;
				CLANG_WARN_ENUM_CONVERSION = YES;
				CLANG_WARN_INFINITE_RECURSION = YES;
				CLANG_WARN_INT_CONVERSION = YES;
				CLANG_WARN_NON_LITERAL_NULL_CONVERSION = YES;
				CLANG_WARN_OBJC_IMPLICIT_RETAIN_SELF = YES;
				CLANG_WARN_OBJC_LITERAL_CONVERSION = YES;
				CLANG_WARN_OBJC_ROOT_CLASS = YES_ERROR;
				CLANG_WARN_RANGE_LOOP_ANALYSIS = YES;
				CLANG_WARN_STRICT_PROTOTYPES = YES;
				CLANG_WARN_SUSPICIOUS_MOVE = YES;
				CLANG_WARN_UNGUARDED_AVAILABILITY = YES_AGGRESSIVE;
				CLANG_WARN_UNREACHABLE_CODE = YES;
				CLANG_WARN__DUPLICATE_METHOD_MATCH = YES;
				COPY_PHASE_STRIP = NO;
				DEBUG_INFORMATION_FORMAT = "dwarf-with-dsym";
				ENABLE_NS_ASSERTIONS = NO;
				ENABLE_STRICT_OBJC_MSGSEND = YES;
				GCC_C_LANGUAGE_STANDARD = gnu11;
				GCC_NO_COMMON_BLOCKS = YES;
				GCC_WARN_64_TO_32_BIT_CONVERSION = YES;
				GCC_WARN_ABOUT_RETURN_TYPE = YES_ERROR;
				GCC_WARN_UNDECLARED_SELECTOR = YES;
				GCC_WARN_UNINITIALIZED_AUTOS = YES_AGGRESSIVE;
				GCC_WARN_UNUSED_FUNCTION = YES;
				GCC_WARN_UNUSED_VARIABLE = YES;
				IPHONEOS_DEPLOYMENT_TARGET = 13.2;
				MTL_ENABLE_DEBUG_INFO = NO;
				MTL_FAST_MATH = YES;
				SDKROOT = iphoneos;
				VALIDATE_PRODUCT = YES;
			};
			name = Release;
		};
		32D285122418AFFC000AAE41 /* Debug */ = {
			isa = XCBuildConfiguration;
			buildSettings = {
				ASSETCATALOG_COMPILER_APPICON_NAME = AppIcon;
				CODE_SIGN_STYLE = Automatic;
				DEVELOPMENT_TEAM = 5J6ZQTBYHN;
				INFOPLIST_FILE = Cards/Info.plist;
				LD_RUNPATH_SEARCH_PATHS = (
					"$(inherited)",
					"@executable_path/Frameworks",
				);
				PRODUCT_BUNDLE_IDENTIFIER = com.Subhankar.Cards;
				PRODUCT_NAME = "$(TARGET_NAME)";
				TARGETED_DEVICE_FAMILY = "1,2";
			};
			name = Debug;
		};
		32D285132418AFFC000AAE41 /* Release */ = {
			isa = XCBuildConfiguration;
			buildSettings = {
				ASSETCATALOG_COMPILER_APPICON_NAME = AppIcon;
				CODE_SIGN_STYLE = Automatic;
				DEVELOPMENT_TEAM = 5J6ZQTBYHN;
				INFOPLIST_FILE = Cards/Info.plist;
				LD_RUNPATH_SEARCH_PATHS = (
					"$(inherited)",
					"@executable_path/Frameworks",
				);
				PRODUCT_BUNDLE_IDENTIFIER = com.Subhankar.Cards;
				PRODUCT_NAME = "$(TARGET_NAME)";
				TARGETED_DEVICE_FAMILY = "1,2";
			};
			name = Release;
		};
/* End XCBuildConfiguration section */

/* Begin XCConfigurationList section */
		32D284F32418AFFB000AAE41 /* Build configuration list for PBXProject "Cards" */ = {
			isa = XCConfigurationList;
			buildConfigurations = (
				32D2850F2418AFFC000AAE41 /* Debug */,
				32D285102418AFFC000AAE41 /* Release */,
			);
			defaultConfigurationIsVisible = 0;
			defaultConfigurationName = Release;
		};
		32D285112418AFFC000AAE41 /* Build configuration list for PBXNativeTarget "Cards" */ = {
			isa = XCConfigurationList;
			buildConfigurations = (
				32D285122418AFFC000AAE41 /* Debug */,
				32D285132418AFFC000AAE41 /* Release */,
			);
			defaultConfigurationIsVisible = 0;
			defaultConfigurationName = Release;
		};
/* End XCConfigurationList section */
	};
	rootObject = 32D284F02418AFFB000AAE41 /* Project object */;
}
